
Microsoft Visual Studio Solution File, Format Version 12.00
# Visual Studio 14
VisualStudioVersion = 14.0.25420.1
MinimumVisualStudioVersion = 10.0.40219.1
Project("{FAE04EC0-301F-11D3-BF4B-00C04F79EFBC}") = "Backend", "Backend\Backend.csproj", "{83710297-1293-4965-ADA9-4889C4A059A3}"
EndProject
Project("{FAE04EC0-301F-11D3-BF4B-00C04F79EFBC}") = "API", "API\API.csproj", "{37510D05-3F6A-41FA-8A14-4F89E9B82C78}"
EndProject
Project("{FAE04EC0-301F-11D3-BF4B-00C04F79EFBC}") = "Domain", "Domain\Domain.csproj", "{2846FE3C-673B-43E8-924C-6A27A0350C0A}"
EndProject
Global
	GlobalSection(SolutionConfigurationPlatforms) = preSolution
		Debug|Any CPU = Debug|Any CPU
		Release|Any CPU = Release|Any CPU
	EndGlobalSection
	GlobalSection(ProjectConfigurationPlatforms) = postSolution
		{83710297-1293-4965-ADA9-4889C4A059A3}.Debug|Any CPU.ActiveCfg = Debug|Any CPU
		{83710297-1293-4965-ADA9-4889C4A059A3}.Debug|Any CPU.Build.0 = Debug|Any CPU
		{83710297-1293-4965-ADA9-4889C4A059A3}.Release|Any CPU.ActiveCfg = Release|Any CPU
		{83710297-1293-4965-ADA9-4889C4A059A3}.Release|Any CPU.Build.0 = Release|Any CPU
		{37510D05-3F6A-41FA-8A14-4F89E9B82C78}.Debug|Any CPU.ActiveCfg = Debug|Any CPU
		{37510D05-3F6A-41FA-8A14-4F89E9B82C78}.Debug|Any CPU.Build.0 = Debug|Any CPU
		{37510D05-3F6A-41FA-8A14-4F89E9B82C78}.Release|Any CPU.ActiveCfg = Release|Any CPU
		{37510D05-3F6A-41FA-8A14-4F89E9B82C78}.Release|Any CPU.Build.0 = Release|Any CPU
		{2846FE3C-673B-43E8-924C-6A27A0350C0A}.Debug|Any CPU.ActiveCfg = Debug|Any CPU
		{2846FE3C-673B-43E8-924C-6A27A0350C0A}.Debug|Any CPU.Build.0 = Debug|Any CPU
		{2846FE3C-673B-43E8-924C-6A27A0350C0A}.Release|Any CPU.ActiveCfg = Release|Any CPU
		{2846FE3C-673B-43E8-924C-6A27A0350C0A}.Release|Any CPU.Build.0 = Release|Any CPU
	EndGlobalSection
	GlobalSection(SolutionProperties) = preSolution
		HideSolutionNode = FALSE
	EndGlobalSection
EndGlobal
